
Microsoft Visual Studio Solution File, Format Version 12.00
# Visual Studio Version 16
VisualStudioVersion = 16.0.30804.86
MinimumVisualStudioVersion = 10.0.40219.1
Project("{FAE04EC0-301F-11D3-BF4B-00C04F79EFBC}") = "Lines", "Lines\Lines.csproj", "{501ADB81-D3D6-45D6-BEC9-554E544CAD1F}"
EndProject
Global
	GlobalSection(SolutionConfigurationPlatforms) = preSolution
		Debug|Any CPU = Debug|Any CPU
		Release|Any CPU = Release|Any CPU
	EndGlobalSection
	GlobalSection(ProjectConfigurationPlatforms) = postSolution
		{501ADB81-D3D6-45D6-BEC9-554E544CAD1F}.Debug|Any CPU.ActiveCfg = Debug|Any CPU
		{501ADB81-D3D6-45D6-BEC9-554E544CAD1F}.Debug|Any CPU.Build.0 = Debug|Any CPU
		{501ADB81-D3D6-45D6-BEC9-554E544CAD1F}.Release|Any CPU.ActiveCfg = Release|Any CPU
		{501ADB81-D3D6-45D6-BEC9-554E544CAD1F}.Release|Any CPU.Build.0 = Release|Any CPU
	EndGlobalSection
	GlobalSection(SolutionProperties) = preSolution
		HideSolutionNode = FALSE
	EndGlobalSection
	GlobalSection(ExtensibilityGlobals) = postSolution
		SolutionGuid = {63E51BBB-8601-496A-9551-A83AF4DB9DF2}
	EndGlobalSection
EndGlobal
